
Microsoft Visual Studio Solution File, Format Version 12.00
# Visual Studio 15
VisualStudioVersion = 15.0.26730.16
MinimumVisualStudioVersion = 10.0.40219.1
Project("{8BC9CEB8-8B4A-11D0-8D11-00A0C91BC942}") = "Scrabble", "Scrabble\Scrabble.vcxproj", "{2F6D4146-EF24-4F82-91AA-E917A282D50A}"
EndProject
Global
	GlobalSection(SolutionConfigurationPlatforms) = preSolution
		Debug|x64 = Debug|x64
		Debug|x86 = Debug|x86
		Release|x64 = Release|x64
		Release|x86 = Release|x86
	EndGlobalSection
	GlobalSection(ProjectConfigurationPlatforms) = postSolution
		{2F6D4146-EF24-4F82-91AA-E917A282D50A}.Debug|x64.ActiveCfg = Debug|x64
		{2F6D4146-EF24-4F82-91AA-E917A282D50A}.Debug|x64.Build.0 = Debug|x64
		{2F6D4146-EF24-4F82-91AA-E917A282D50A}.Debug|x86.ActiveCfg = Debug|Win32
		{2F6D4146-EF24-4F82-91AA-E917A282D50A}.Debug|x86.Build.0 = Debug|Win32
		{2F6D4146-EF24-4F82-91AA-E917A282D50A}.Release|x64.ActiveCfg = Release|x64
		{2F6D4146-EF24-4F82-91AA-E917A282D50A}.Release|x64.Build.0 = Release|x64
		{2F6D4146-EF24-4F82-91AA-E917A282D50A}.Release|x86.ActiveCfg = Release|Win32
		{2F6D4146-EF24-4F82-91AA-E917A282D50A}.Release|x86.Build.0 = Release|Win32
	EndGlobalSection
	GlobalSection(SolutionProperties) = preSolution
		HideSolutionNode = FALSE
	EndGlobalSection
	GlobalSection(ExtensibilityGlobals) = postSolution
		SolutionGuid = {B22736F5-D355-49D8-80B7-668D37AC815B}
	EndGlobalSection
EndGlobal
